{
  "name": "gm-phone-plugin-sdk",
  "version": "0.1.0",
  "lockfileVersion": 3,
  "requires": true,
  "packages": {
    "": {
      "name": "gm-phone-plugin-sdk",
      "version": "0.1.0",
      "workspaces": [
        "packages/*"
      ],
      "engines": {
        "node": ">=18.0.0"
      }
    },
    "node_modules/@memomind/gm-plugin-bridge-contract": {
      "resolved": "packages/bridge-contract",
      "link": true
    },
    "node_modules/@memomind/gm-plugin-device-renderer": {
      "resolved": "packages/device-renderer",
      "link": true
    },
    "node_modules/@memomind/gm-plugin-studio-runtime": {
      "resolved": "packages/studio-runtime",
      "link": true
    },
    "node_modules/@memomind/gm-plugin-web-sdk": {
      "resolved": "packages/web-sdk",
      "link": true
    },
    "packages/bridge-contract": {
      "name": "@memomind/gm-plugin-bridge-contract",
      "version": "0.1.0"
    },
    "packages/device-renderer": {
      "name": "@memomind/gm-plugin-device-renderer",
      "version": "0.1.0",
      "dependencies": {
        "@memomind/gm-plugin-bridge-contract": "0.1.0"
      }
    },
    "packages/studio-runtime": {
      "name": "@memomind/gm-plugin-studio-runtime",
      "version": "0.1.0",
      "dependencies": {
        "@memomind/gm-plugin-bridge-contract": "0.1.0",
        "@memomind/gm-plugin-device-renderer": "0.1.0"
      }
    },
    "packages/web-sdk": {
      "name": "@memomind/gm-plugin-web-sdk",
      "version": "0.1.0",
      "dependencies": {
        "@memomind/gm-plugin-bridge-contract": "0.1.0"
      }
    }
  }
}
